
Microsoft Visual Studio Solution File, Format Version 12.00
# Visual Studio Version 16
VisualStudioVersion = 16.0.30907.101
MinimumVisualStudioVersion = 10.0.40219.1
Project("{FAE04EC0-301F-11D3-BF4B-00C04F79EFBC}") = "Calculator", "Calculator\Calculator.csproj", "{77D0165A-4A8C-4B22-8DC8-2EE8F21D6D9C}"
EndProject
Project("{FAE04EC0-301F-11D3-BF4B-00C04F79EFBC}") = "MyCalculator.Unit.Test", "MyCalculator.Unit.Test\MyCalculator.Unit.Test.csproj", "{88C0E836-E7B2-4210-925E-90464A688897}"
EndProject
Global
	GlobalSection(SolutionConfigurationPlatforms) = preSolution
		Debug|Any CPU = Debug|Any CPU
		Release|Any CPU = Release|Any CPU
	EndGlobalSection
	GlobalSection(ProjectConfigurationPlatforms) = postSolution
		{77D0165A-4A8C-4B22-8DC8-2EE8F21D6D9C}.Debug|Any CPU.ActiveCfg = Debug|Any CPU
		{77D0165A-4A8C-4B22-8DC8-2EE8F21D6D9C}.Debug|Any CPU.Build.0 = Debug|Any CPU
		{77D0165A-4A8C-4B22-8DC8-2EE8F21D6D9C}.Release|Any CPU.ActiveCfg = Release|Any CPU
		{77D0165A-4A8C-4B22-8DC8-2EE8F21D6D9C}.Release|Any CPU.Build.0 = Release|Any CPU
		{88C0E836-E7B2-4210-925E-90464A688897}.Debug|Any CPU.ActiveCfg = Debug|Any CPU
		{88C0E836-E7B2-4210-925E-90464A688897}.Debug|Any CPU.Build.0 = Debug|Any CPU
		{88C0E836-E7B2-4210-925E-90464A688897}.Release|Any CPU.ActiveCfg = Release|Any CPU
		{88C0E836-E7B2-4210-925E-90464A688897}.Release|Any CPU.Build.0 = Release|Any CPU
	EndGlobalSection
	GlobalSection(SolutionProperties) = preSolution
		HideSolutionNode = FALSE
	EndGlobalSection
	GlobalSection(ExtensibilityGlobals) = postSolution
		SolutionGuid = {EC5AE31D-CD44-4BEE-9AD3-C1B5641A2CB1}
	EndGlobalSection
EndGlobal
